// !$*UTF8*$!
{
	archiveVersion = 1;
	classes = {
	};
	objectVersion = 55;
	objects = {

/* Begin PBXBuildFile section */
		98DF87CD2745729600160FC9 /* AppDelegate.swift in Sources */ = {isa = PBXBuildFile; fileRef = 98DF87CC2745729600160FC9 /* AppDelegate.swift */; };
		98DF87CF2745729600160FC9 /* SceneDelegate.swift in Sources */ = {isa = PBXBuildFile; fileRef = 98DF87CE2745729600160FC9 /* SceneDelegate.swift */; };
		98DF87D62745729700160FC9 /* Assets.xcassets in Resources */ = {isa = PBXBuildFile; fileRef = 98DF87D52745729700160FC9 /* Assets.xcassets */; };
		98DF87D92745729700160FC9 /* LaunchScreen.storyboard in Resources */ = {isa = PBXBuildFile; fileRef = 98DF87D72745729700160FC9 /* LaunchScreen.storyboard */; };
		98DF87E2274572F100160FC9 /* Home.storyboard in Resources */ = {isa = PBXBuildFile; fileRef = 98DF87E1274572F100160FC9 /* Home.storyboard */; };
		98DF87E4274572FB00160FC9 /* Search.storyboard in Resources */ = {isa = PBXBuildFile; fileRef = 98DF87E3274572FB00160FC9 /* Search.storyboard */; };
		98DF87E62745730500160FC9 /* NewPost.storyboard in Resources */ = {isa = PBXBuildFile; fileRef = 98DF87E52745730500160FC9 /* NewPost.storyboard */; };
		98DF87E82745730F00160FC9 /* Profile.storyboard in Resources */ = {isa = PBXBuildFile; fileRef = 98DF87E72745730F00160FC9 /* Profile.storyboard */; };
		98DF87EA2745731700160FC9 /* Activity.storyboard in Resources */ = {isa = PBXBuildFile; fileRef = 98DF87E92745731700160FC9 /* Activity.storyboard */; };
		98DF87F6274575B300160FC9 /* HomeViewController.swift in Sources */ = {isa = PBXBuildFile; fileRef = 98DF87F5274575B300160FC9 /* HomeViewController.swift */; };
		98DF87F8274575BE00160FC9 /* SearchViewController.swift in Sources */ = {isa = PBXBuildFile; fileRef = 98DF87F7274575BE00160FC9 /* SearchViewController.swift */; };
		98DF87FA274575D100160FC9 /* ProfileViewController.swift in Sources */ = {isa = PBXBuildFile; fileRef = 98DF87F9274575D100160FC9 /* ProfileViewController.swift */; };
		98DF87FC274575DF00160FC9 /* ActivityViewController.swift in Sources */ = {isa = PBXBuildFile; fileRef = 98DF87FB274575DF00160FC9 /* ActivityViewController.swift */; };
		98DF87FE274575EE00160FC9 /* NewPostViewController.swift in Sources */ = {isa = PBXBuildFile; fileRef = 98DF87FD274575EE00160FC9 /* NewPostViewController.swift */; };
		98DF88032745846700160FC9 /* ActivityData.swift in Sources */ = {isa = PBXBuildFile; fileRef = 98DF88002745846700160FC9 /* ActivityData.swift */; };
		98DF88042745846700160FC9 /* FeedData.swift in Sources */ = {isa = PBXBuildFile; fileRef = 98DF88012745846700160FC9 /* FeedData.swift */; };
		98DF88052745846700160FC9 /* UserData.swift in Sources */ = {isa = PBXBuildFile; fileRef = 98DF88022745846700160FC9 /* UserData.swift */; };
		98DF88092745848900160FC9 /* SimpleCameraProtocol.swift in Sources */ = {isa = PBXBuildFile; fileRef = 98DF88062745848900160FC9 /* SimpleCameraProtocol.swift */; };
		98DF880A2745848900160FC9 /* SimpleCameraView.swift in Sources */ = {isa = PBXBuildFile; fileRef = 98DF88072745848900160FC9 /* SimpleCameraView.swift */; };
		98DF880B2745848900160FC9 /* SimpleCamera.swift in Sources */ = {isa = PBXBuildFile; fileRef = 98DF88082745848900160FC9 /* SimpleCamera.swift */; };
		98DF8811274586EB00160FC9 /* StoriesTableViewCell.swift in Sources */ = {isa = PBXBuildFile; fileRef = 98DF880F274586EB00160FC9 /* StoriesTableViewCell.swift */; };
		98DF8812274586EB00160FC9 /* StoriesTableViewCell.xib in Resources */ = {isa = PBXBuildFile; fileRef = 98DF8810274586EB00160FC9 /* StoriesTableViewCell.xib */; };
		98DF88152745896700160FC9 /* StoryCollectionViewCell.swift in Sources */ = {isa = PBXBuildFile; fileRef = 98DF88132745896700160FC9 /* StoryCollectionViewCell.swift */; };
		98DF88162745896700160FC9 /* StoryCollectionViewCell.xib in Resources */ = {isa = PBXBuildFile; fileRef = 98DF88142745896700160FC9 /* StoryCollectionViewCell.xib */; };
		98DF88192745913600160FC9 /* FeedTableViewCell.swift in Sources */ = {isa = PBXBuildFile; fileRef = 98DF88172745913600160FC9 /* FeedTableViewCell.swift */; };
		98DF881A2745913600160FC9 /* FeedTableViewCell.xib in Resources */ = {isa = PBXBuildFile; fileRef = 98DF88182745913600160FC9 /* FeedTableViewCell.xib */; };
/* End PBXBuildFile section */

/* Begin PBXFileReference section */
		98DF87C92745729600160FC9 /* InstaClone.app */ = {isa = PBXFileReference; explicitFileType = wrapper.application; includeInIndex = 0; path = InstaClone.app; sourceTree = BUILT_PRODUCTS_DIR; };
		98DF87CC2745729600160FC9 /* AppDelegate.swift */ = {isa = PBXFileReference; lastKnownFileType = sourcecode.swift; path = AppDelegate.swift; sourceTree = "<group>"; };
		98DF87CE2745729600160FC9 /* SceneDelegate.swift */ = {isa = PBXFileReference; lastKnownFileType = sourcecode.swift; path = SceneDelegate.swift; sourceTree = "<group>"; };
		98DF87D52745729700160FC9 /* Assets.xcassets */ = {isa = PBXFileReference; lastKnownFileType = folder.assetcatalog; path = Assets.xcassets; sourceTree = "<group>"; };
		98DF87D82745729700160FC9 /* Base */ = {isa = PBXFileReference; lastKnownFileType = file.storyboard; name = Base; path = Base.lproj/LaunchScreen.storyboard; sourceTree = "<group>"; };
		98DF87DA2745729700160FC9 /* Info.plist */ = {isa = PBXFileReference; lastKnownFileType = text.plist.xml; path = Info.plist; sourceTree = "<group>"; };
		98DF87E1274572F100160FC9 /* Home.storyboard */ = {isa = PBXFileReference; lastKnownFileType = file.storyboard; path = Home.storyboard; sourceTree = "<group>"; };
		98DF87E3274572FB00160FC9 /* Search.storyboard */ = {isa = PBXFileReference; lastKnownFileType = file.storyboard; path = Search.storyboard; sourceTree = "<group>"; };
		98DF87E52745730500160FC9 /* NewPost.storyboard */ = {isa = PBXFileReference; lastKnownFileType = file.storyboard; path = NewPost.storyboard; sourceTree = "<group>"; };
		98DF87E72745730F00160FC9 /* Profile.storyboard */ = {isa = PBXFileReference; lastKnownFileType = file.storyboard; path = Profile.storyboard; sourceTree = "<group>"; };
		98DF87E92745731700160FC9 /* Activity.storyboard */ = {isa = PBXFileReference; lastKnownFileType = file.storyboard; path = Activity.storyboard; sourceTree = "<group>"; };
		98DF87F5274575B300160FC9 /* HomeViewController.swift */ = {isa = PBXFileReference; lastKnownFileType = sourcecode.swift; path = HomeViewController.swift; sourceTree = "<group>"; };
		98DF87F7274575BE00160FC9 /* SearchViewController.swift */ = {isa = PBXFileReference; lastKnownFileType = sourcecode.swift; path = SearchViewController.swift; sourceTree = "<group>"; };
		98DF87F9274575D100160FC9 /* ProfileViewController.swift */ = {isa = PBXFileReference; lastKnownFileType = sourcecode.swift; path = ProfileViewController.swift; sourceTree = "<group>"; };
		98DF87FB274575DF00160FC9 /* ActivityViewController.swift */ = {isa = PBXFileReference; lastKnownFileType = sourcecode.swift; path = ActivityViewController.swift; sourceTree = "<group>"; };
		98DF87FD274575EE00160FC9 /* NewPostViewController.swift */ = {isa = PBXFileReference; lastKnownFileType = sourcecode.swift; path = NewPostViewController.swift; sourceTree = "<group>"; };
		98DF88002745846700160FC9 /* ActivityData.swift */ = {isa = PBXFileReference; fileEncoding = 4; lastKnownFileType = sourcecode.swift; path = ActivityData.swift; sourceTree = "<group>"; };
		98DF88012745846700160FC9 /* FeedData.swift */ = {isa = PBXFileReference; fileEncoding = 4; lastKnownFileType = sourcecode.swift; path = FeedData.swift; sourceTree = "<group>"; };
		98DF88022745846700160FC9 /* UserData.swift */ = {isa = PBXFileReference; fileEncoding = 4; lastKnownFileType = sourcecode.swift; path = UserData.swift; sourceTree = "<group>"; };
		98DF88062745848900160FC9 /* SimpleCameraProtocol.swift */ = {isa = PBXFileReference; fileEncoding = 4; lastKnownFileType = sourcecode.swift; path = SimpleCameraProtocol.swift; sourceTree = "<group>"; };
		98DF88072745848900160FC9 /* SimpleCameraView.swift */ = {isa = PBXFileReference; fileEncoding = 4; lastKnownFileType = sourcecode.swift; path = SimpleCameraView.swift; sourceTree = "<group>"; };
		98DF88082745848900160FC9 /* SimpleCamera.swift */ = {isa = PBXFileReference; fileEncoding = 4; lastKnownFileType = sourcecode.swift; path = SimpleCamera.swift; sourceTree = "<group>"; };
		98DF880F274586EB00160FC9 /* StoriesTableViewCell.swift */ = {isa = PBXFileReference; lastKnownFileType = sourcecode.swift; path = StoriesTableViewCell.swift; sourceTree = "<group>"; };
		98DF8810274586EB00160FC9 /* StoriesTableViewCell.xib */ = {isa = PBXFileReference; lastKnownFileType = file.xib; path = StoriesTableViewCell.xib; sourceTree = "<group>"; };
		98DF88132745896700160FC9 /* StoryCollectionViewCell.swift */ = {isa = PBXFileReference; lastKnownFileType = sourcecode.swift; path = StoryCollectionViewCell.swift; sourceTree = "<group>"; };
		98DF88142745896700160FC9 /* StoryCollectionViewCell.xib */ = {isa = PBXFileReference; lastKnownFileType = file.xib; path = StoryCollectionViewCell.xib; sourceTree = "<group>"; };
		98DF88172745913600160FC9 /* FeedTableViewCell.swift */ = {isa = PBXFileReference; lastKnownFileType = sourcecode.swift; path = FeedTableViewCell.swift; sourceTree = "<group>"; };
		98DF88182745913600160FC9 /* FeedTableViewCell.xib */ = {isa = PBXFileReference; lastKnownFileType = file.xib; path = FeedTableViewCell.xib; sourceTree = "<group>"; };
/* End PBXFileReference section */

/* Begin PBXFrameworksBuildPhase section */
		98DF87C62745729600160FC9 /* Frameworks */ = {
			isa = PBXFrameworksBuildPhase;
			buildActionMask = 2147483647;
			files = (
			);
			runOnlyForDeploymentPostprocessing = 0;
		};
/* End PBXFrameworksBuildPhase section */

/* Begin PBXGroup section */
		98DF87C02745729600160FC9 = {
			isa = PBXGroup;
			children = (
				98DF87CB2745729600160FC9 /* InstaClone */,
				98DF87CA2745729600160FC9 /* Products */,
			);
			sourceTree = "<group>";
		};
		98DF87CA2745729600160FC9 /* Products */ = {
			isa = PBXGroup;
			children = (
				98DF87C92745729600160FC9 /* InstaClone.app */,
			);
			name = Products;
			sourceTree = "<group>";
		};
		98DF87CB2745729600160FC9 /* InstaClone */ = {
			isa = PBXGroup;
			children = (
				98DF880E274586CE00160FC9 /* Views */,
				98DF880C2745848C00160FC9 /* Library */,
				98DF87FF2745843A00160FC9 /* Data */,
				98DF87EF2745752A00160FC9 /* ViewControllers */,
				98DF87E0274572AC00160FC9 /* Storyboards */,
				98DF87CC2745729600160FC9 /* AppDelegate.swift */,
				98DF87CE2745729600160FC9 /* SceneDelegate.swift */,
				98DF87D52745729700160FC9 /* Assets.xcassets */,
				98DF87D72745729700160FC9 /* LaunchScreen.storyboard */,
				98DF87DA2745729700160FC9 /* Info.plist */,
			);
			path = InstaClone;
			sourceTree = "<group>";
		};
		98DF87E0274572AC00160FC9 /* Storyboards */ = {
			isa = PBXGroup;
			children = (
				98DF87E1274572F100160FC9 /* Home.storyboard */,
				98DF87E3274572FB00160FC9 /* Search.storyboard */,
				98DF87E52745730500160FC9 /* NewPost.storyboard */,
				98DF87E72745730F00160FC9 /* Profile.storyboard */,
				98DF87E92745731700160FC9 /* Activity.storyboard */,
			);
			path = Storyboards;
			sourceTree = "<group>";
		};
		98DF87EF2745752A00160FC9 /* ViewControllers */ = {
			isa = PBXGroup;
			children = (
				98DF87F4274575A000160FC9 /* NewPost */,
				98DF87F32745758E00160FC9 /* Activity */,
				98DF87F22745758000160FC9 /* Profile */,
				98DF87F12745754100160FC9 /* Search */,
				98DF87F02745753700160FC9 /* Home */,
			);
			path = ViewControllers;
			sourceTree = "<group>";
		};
		98DF87F02745753700160FC9 /* Home */ = {
			isa = PBXGroup;
			children = (
				98DF87F5274575B300160FC9 /* HomeViewController.swift */,
			);
			path = Home;
			sourceTree = "<group>";
		};
		98DF87F12745754100160FC9 /* Search */ = {
			isa = PBXGroup;
			children = (
				98DF87F7274575BE00160FC9 /* SearchViewController.swift */,
			);
			path = Search;
			sourceTree = "<group>";
		};
		98DF87F22745758000160FC9 /* Profile */ = {
			isa = PBXGroup;
			children = (
				98DF87F9274575D100160FC9 /* ProfileViewController.swift */,
			);
			path = Profile;
			sourceTree = "<group>";
		};
		98DF87F32745758E00160FC9 /* Activity */ = {
			isa = PBXGroup;
			children = (
				98DF87FB274575DF00160FC9 /* ActivityViewController.swift */,
			);
			path = Activity;
			sourceTree = "<group>";
		};
		98DF87F4274575A000160FC9 /* NewPost */ = {
			isa = PBXGroup;
			children = (
				98DF87FD274575EE00160FC9 /* NewPostViewController.swift */,
			);
			path = NewPost;
			sourceTree = "<group>";
		};
		98DF87FF2745843A00160FC9 /* Data */ = {
			isa = PBXGroup;
			children = (
				98DF88002745846700160FC9 /* ActivityData.swift */,
				98DF88012745846700160FC9 /* FeedData.swift */,
				98DF88022745846700160FC9 /* UserData.swift */,
			);
			path = Data;
			sourceTree = "<group>";
		};
		98DF880C2745848C00160FC9 /* Library */ = {
			isa = PBXGroup;
			children = (
				98DF880D2745849400160FC9 /* CameraLib */,
			);
			path = Library;
			sourceTree = "<group>";
		};
		98DF880D2745849400160FC9 /* CameraLib */ = {
			isa = PBXGroup;
			children = (
				98DF88082745848900160FC9 /* SimpleCamera.swift */,
				98DF88062745848900160FC9 /* SimpleCameraProtocol.swift */,
				98DF88072745848900160FC9 /* SimpleCameraView.swift */,
			);
			path = CameraLib;
			sourceTree = "<group>";
		};
		98DF880E274586CE00160FC9 /* Views */ = {
			isa = PBXGroup;
			children = (
				98DF880F274586EB00160FC9 /* StoriesTableViewCell.swift */,
				98DF8810274586EB00160FC9 /* StoriesTableViewCell.xib */,
				98DF88132745896700160FC9 /* StoryCollectionViewCell.swift */,
				98DF88142745896700160FC9 /* StoryCollectionViewCell.xib */,
				98DF88172745913600160FC9 /* FeedTableViewCell.swift */,
				98DF88182745913600160FC9 /* FeedTableViewCell.xib */,
			);
			path = Views;
			sourceTree = "<group>";
		};
/* End PBXGroup section */

/* Begin PBXNativeTarget section */
		98DF87C82745729600160FC9 /* InstaClone */ = {
			isa = PBXNativeTarget;
			buildConfigurationList = 98DF87DD2745729700160FC9 /* Build configuration list for PBXNativeTarget "InstaClone" */;
			buildPhases = (
				98DF87C52745729600160FC9 /* Sources */,
				98DF87C62745729600160FC9 /* Frameworks */,
				98DF87C72745729600160FC9 /* Resources */,
			);
			buildRules = (
			);
			dependencies = (
			);
			name = InstaClone;
			productName = InstaClone;
			productReference = 98DF87C92745729600160FC9 /* InstaClone.app */;
			productType = "com.apple.product-type.application";
		};
/* End PBXNativeTarget section */

/* Begin PBXProject section */
		98DF87C12745729600160FC9 /* Project object */ = {
			isa = PBXProject;
			attributes = {
				BuildIndependentTargetsInParallel = 1;
				LastSwiftUpdateCheck = 1310;
				LastUpgradeCheck = 1310;
				TargetAttributes = {
					98DF87C82745729600160FC9 = {
						CreatedOnToolsVersion = 13.1;
					};
				};
			};
			buildConfigurationList = 98DF87C42745729600160FC9 /* Build configuration list for PBXProject "InstaClone" */;
			compatibilityVersion = "Xcode 13.0";
			developmentRegion = en;
			hasScannedForEncodings = 0;
			knownRegions = (
				en,
				Base,
			);
			mainGroup = 98DF87C02745729600160FC9;
			productRefGroup = 98DF87CA2745729600160FC9 /* Products */;
			projectDirPath = "";
			projectRoot = "";
			targets = (
				98DF87C82745729600160FC9 /* InstaClone */,
			);
		};
/* End PBXProject section */

/* Begin PBXResourcesBuildPhase section */
		98DF87C72745729600160FC9 /* Resources */ = {
			isa = PBXResourcesBuildPhase;
			buildActionMask = 2147483647;
			files = (
				98DF87D92745729700160FC9 /* LaunchScreen.storyboard in Resources */,
				98DF881A2745913600160FC9 /* FeedTableViewCell.xib in Resources */,
				98DF87E62745730500160FC9 /* NewPost.storyboard in Resources */,
				98DF87D62745729700160FC9 /* Assets.xcassets in Resources */,
				98DF87E2274572F100160FC9 /* Home.storyboard in Resources */,
				98DF88162745896700160FC9 /* StoryCollectionViewCell.xib in Resources */,
				98DF87E82745730F00160FC9 /* Profile.storyboard in Resources */,
				98DF8812274586EB00160FC9 /* StoriesTableViewCell.xib in Resources */,
				98DF87E4274572FB00160FC9 /* Search.storyboard in Resources */,
				98DF87EA2745731700160FC9 /* Activity.storyboard in Resources */,
			);
			runOnlyForDeploymentPostprocessing = 0;
		};
/* End PBXResourcesBuildPhase section */

/* Begin PBXSourcesBuildPhase section */
		98DF87C52745729600160FC9 /* Sources */ = {
			isa = PBXSourcesBuildPhase;
			buildActionMask = 2147483647;
			files = (
				98DF880B2745848900160FC9 /* SimpleCamera.swift in Sources */,
				98DF87CD2745729600160FC9 /* AppDelegate.swift in Sources */,
				98DF87FC274575DF00160FC9 /* ActivityViewController.swift in Sources */,
				98DF87CF2745729600160FC9 /* SceneDelegate.swift in Sources */,
				98DF87FE274575EE00160FC9 /* NewPostViewController.swift in Sources */,
				98DF88032745846700160FC9 /* ActivityData.swift in Sources */,
				98DF88092745848900160FC9 /* SimpleCameraProtocol.swift in Sources */,
				98DF87FA274575D100160FC9 /* ProfileViewController.swift in Sources */,
				98DF880A2745848900160FC9 /* SimpleCameraView.swift in Sources */,
				98DF88192745913600160FC9 /* FeedTableViewCell.swift in Sources */,
				98DF88042745846700160FC9 /* FeedData.swift in Sources */,
				98DF88152745896700160FC9 /* StoryCollectionViewCell.swift in Sources */,
				98DF87F8274575BE00160FC9 /* SearchViewController.swift in Sources */,
				98DF88052745846700160FC9 /* UserData.swift in Sources */,
				98DF87F6274575B300160FC9 /* HomeViewController.swift in Sources */,
				98DF8811274586EB00160FC9 /* StoriesTableViewCell.swift in Sources */,
			);
			runOnlyForDeploymentPostprocessing = 0;
		};
/* End PBXSourcesBuildPhase section */

/* Begin PBXVariantGroup section */
		98DF87D72745729700160FC9 /* LaunchScreen.storyboard */ = {
			isa = PBXVariantGroup;
			children = (
				98DF87D82745729700160FC9 /* Base */,
			);
			name = LaunchScreen.storyboard;
			sourceTree = "<group>";
		};
/* End PBXVariantGroup section */

/* Begin XCBuildConfiguration section */
		98DF87DB2745729700160FC9 /* Debug */ = {
			isa = XCBuildConfiguration;
			buildSettings = {
				ALWAYS_SEARCH_USER_PATHS = NO;
				CLANG_ANALYZER_NONNULL = YES;
				CLANG_ANALYZER_NUMBER_OBJECT_CONVERSION = YES_AGGRESSIVE;
				CLANG_CXX_LANGUAGE_STANDARD = "gnu++17";
				CLANG_CXX_LIBRARY = "libc++";
				CLANG_ENABLE_MODULES = YES;
				CLANG_ENABLE_OBJC_ARC = YES;
				CLANG_ENABLE_OBJC_WEAK = YES;
				CLANG_WARN_BLOCK_CAPTURE_AUTORELEASING = YES;
				CLANG_WARN_BOOL_CONVERSION = YES;
				CLANG_WARN_COMMA = YES;
				CLANG_WARN_CONSTANT_CONVERSION = YES;
				CLANG_WARN_DEPRECATED_OBJC_IMPLEMENTATIONS = YES;
				CLANG_WARN_DIRECT_OBJC_ISA_USAGE = YES_ERROR;
				CLANG_WARN_DOCUMENTATION_COMMENTS = YES;
				CLANG_WARN_EMPTY_BODY = YES;
				CLANG_WARN_ENUM_CONVERSION = YES;
				CLANG_WARN_INFINITE_RECURSION = YES;
				CLANG_WARN_INT_CONVERSION = YES;
				CLANG_WARN_NON_LITERAL_NULL_CONVERSION = YES;
				CLANG_WARN_OBJC_IMPLICIT_RETAIN_SELF = YES;
				CLANG_WARN_OBJC_LITERAL_CONVERSION = YES;
				CLANG_WARN_OBJC_ROOT_CLASS = YES_ERROR;
				CLANG_WARN_QUOTED_INCLUDE_IN_FRAMEWORK_HEADER = YES;
				CLANG_WARN_RANGE_LOOP_ANALYSIS = YES;
				CLANG_WARN_STRICT_PROTOTYPES = YES;
				CLANG_WARN_SUSPICIOUS_MOVE = YES;
				CLANG_WARN_UNGUARDED_AVAILABILITY = YES_AGGRESSIVE;
				CLANG_WARN_UNREACHABLE_CODE = YES;
				CLANG_WARN__DUPLICATE_METHOD_MATCH = YES;
				COPY_PHASE_STRIP = NO;
				DEBUG_INFORMATION_FORMAT = dwarf;
				ENABLE_STRICT_OBJC_MSGSEND = YES;
				ENABLE_TESTABILITY = YES;
				GCC_C_LANGUAGE_STANDARD = gnu11;
				GCC_DYNAMIC_NO_PIC = NO;
				GCC_NO_COMMON_BLOCKS = YES;
				GCC_OPTIMIZATION_LEVEL = 0;
				GCC_PREPROCESSOR_DEFINITIONS = (
					"DEBUG=1",
					"$(inherited)",
				);
				GCC_WARN_64_TO_32_BIT_CONVERSION = YES;
				GCC_WARN_ABOUT_RETURN_TYPE = YES_ERROR;
				GCC_WARN_UNDECLARED_SELECTOR = YES;
				GCC_WARN_UNINITIALIZED_AUTOS = YES_AGGRESSIVE;
				GCC_WARN_UNUSED_FUNCTION = YES;
				GCC_WARN_UNUSED_VARIABLE = YES;
				IPHONEOS_DEPLOYMENT_TARGET = 15.0;
				MTL_ENABLE_DEBUG_INFO = INCLUDE_SOURCE;
				MTL_FAST_MATH = YES;
				ONLY_ACTIVE_ARCH = YES;
				SDKROOT = iphoneos;
				SWIFT_ACTIVE_COMPILATION_CONDITIONS = DEBUG;
				SWIFT_OPTIMIZATION_LEVEL = "-Onone";
			};
			name = Debug;
		};
		98DF87DC2745729700160FC9 /* Release */ = {
			isa = XCBuildConfiguration;
			buildSettings = {
				ALWAYS_SEARCH_USER_PATHS = NO;
				CLANG_ANALYZER_NONNULL = YES;
				CLANG_ANALYZER_NUMBER_OBJECT_CONVERSION = YES_AGGRESSIVE;
				CLANG_CXX_LANGUAGE_STANDARD = "gnu++17";
				CLANG_CXX_LIBRARY = "libc++";
				CLANG_ENABLE_MODULES = YES;
				CLANG_ENABLE_OBJC_ARC = YES;
				CLANG_ENABLE_OBJC_WEAK = YES;
				CLANG_WARN_BLOCK_CAPTURE_AUTORELEASING = YES;
				CLANG_WARN_BOOL_CONVERSION = YES;
				CLANG_WARN_COMMA = YES;
				CLANG_WARN_CONSTANT_CONVERSION = YES;
				CLANG_WARN_DEPRECATED_OBJC_IMPLEMENTATIONS = YES;
				CLANG_WARN_DIRECT_OBJC_ISA_USAGE = YES_ERROR;
				CLANG_WARN_DOCUMENTATION_COMMENTS = YES;
				CLANG_WARN_EMPTY_BODY = YES;
				CLANG_WARN_ENUM_CONVERSION = YES;
				CLANG_WARN_INFINITE_RECURSION = YES;
				CLANG_WARN_INT_CONVERSION = YES;
				CLANG_WARN_NON_LITERAL_NULL_CONVERSION = YES;
				CLANG_WARN_OBJC_IMPLICIT_RETAIN_SELF = YES;
				CLANG_WARN_OBJC_LITERAL_CONVERSION = YES;
				CLANG_WARN_OBJC_ROOT_CLASS = YES_ERROR;
				CLANG_WARN_QUOTED_INCLUDE_IN_FRAMEWORK_HEADER = YES;
				CLANG_WARN_RANGE_LOOP_ANALYSIS = YES;
				CLANG_WARN_STRICT_PROTOTYPES = YES;
				CLANG_WARN_SUSPICIOUS_MOVE = YES;
				CLANG_WARN_UNGUARDED_AVAILABILITY = YES_AGGRESSIVE;
				CLANG_WARN_UNREACHABLE_CODE = YES;
				CLANG_WARN__DUPLICATE_METHOD_MATCH = YES;
				COPY_PHASE_STRIP = NO;
				DEBUG_INFORMATION_FORMAT = "dwarf-with-dsym";
				ENABLE_NS_ASSERTIONS = NO;
				ENABLE_STRICT_OBJC_MSGSEND = YES;
				GCC_C_LANGUAGE_STANDARD = gnu11;
				GCC_NO_COMMON_BLOCKS = YES;
				GCC_WARN_64_TO_32_BIT_CONVERSION = YES;
				GCC_WARN_ABOUT_RETURN_TYPE = YES_ERROR;
				GCC_WARN_UNDECLARED_SELECTOR = YES;
				GCC_WARN_UNINITIALIZED_AUTOS = YES_AGGRESSIVE;
				GCC_WARN_UNUSED_FUNCTION = YES;
				GCC_WARN_UNUSED_VARIABLE = YES;
				IPHONEOS_DEPLOYMENT_TARGET = 15.0;
				MTL_ENABLE_DEBUG_INFO = NO;
				MTL_FAST_MATH = YES;
				SDKROOT = iphoneos;
				SWIFT_COMPILATION_MODE = wholemodule;
				SWIFT_OPTIMIZATION_LEVEL = "-O";
				VALIDATE_PRODUCT = YES;
			};
			name = Release;
		};
		98DF87DE2745729700160FC9 /* Debug */ = {
			isa = XCBuildConfiguration;
			buildSettings = {
				ASSETCATALOG_COMPILER_APPICON_NAME = AppIcon;
				ASSETCATALOG_COMPILER_GLOBAL_ACCENT_COLOR_NAME = AccentColor;
				CODE_SIGN_STYLE = Automatic;
				CURRENT_PROJECT_VERSION = 1;
				DEVELOPMENT_TEAM = 66MMSGR897;
				GENERATE_INFOPLIST_FILE = YES;
				INFOPLIST_FILE = InstaClone/Info.plist;
				INFOPLIST_KEY_UIApplicationSupportsIndirectInputEvents = YES;
				INFOPLIST_KEY_UILaunchStoryboardName = LaunchScreen;
				INFOPLIST_KEY_UIMainStoryboardFile = Home;
				INFOPLIST_KEY_UISupportedInterfaceOrientations_iPad = "UIInterfaceOrientationPortrait UIInterfaceOrientationPortraitUpsideDown UIInterfaceOrientationLandscapeLeft UIInterfaceOrientationLandscapeRight";
				INFOPLIST_KEY_UISupportedInterfaceOrientations_iPhone = "UIInterfaceOrientationPortrait UIInterfaceOrientationLandscapeLeft UIInterfaceOrientationLandscapeRight";
				LD_RUNPATH_SEARCH_PATHS = (
					"$(inherited)",
					"@executable_path/Frameworks",
				);
				MARKETING_VERSION = 1.0;
				PRODUCT_BUNDLE_IDENTIFIER = phupk.practiceUIFinal.InstaClone;
				PRODUCT_NAME = "$(TARGET_NAME)";
				SWIFT_EMIT_LOC_STRINGS = YES;
				SWIFT_VERSION = 5.0;
				TARGETED_DEVICE_FAMILY = "1,2";
			};
			name = Debug;
		};
		98DF87DF2745729700160FC9 /* Release */ = {
			isa = XCBuildConfiguration;
			buildSettings = {
				ASSETCATALOG_COMPILER_APPICON_NAME = AppIcon;
				ASSETCATALOG_COMPILER_GLOBAL_ACCENT_COLOR_NAME = AccentColor;
				CODE_SIGN_STYLE = Automatic;
				CURRENT_PROJECT_VERSION = 1;
				DEVELOPMENT_TEAM = 66MMSGR897;
				GENERATE_INFOPLIST_FILE = YES;
				INFOPLIST_FILE = InstaClone/Info.plist;
				INFOPLIST_KEY_UIApplicationSupportsIndirectInputEvents = YES;
				INFOPLIST_KEY_UILaunchStoryboardName = LaunchScreen;
				INFOPLIST_KEY_UIMainStoryboardFile = Home;
				INFOPLIST_KEY_UISupportedInterfaceOrientations_iPad = "UIInterfaceOrientationPortrait UIInterfaceOrientationPortraitUpsideDown UIInterfaceOrientationLandscapeLeft UIInterfaceOrientationLandscapeRight";
				INFOPLIST_KEY_UISupportedInterfaceOrientations_iPhone = "UIInterfaceOrientationPortrait UIInterfaceOrientationLandscapeLeft UIInterfaceOrientationLandscapeRight";
				LD_RUNPATH_SEARCH_PATHS = (
					"$(inherited)",
					"@executable_path/Frameworks",
				);
				MARKETING_VERSION = 1.0;
				PRODUCT_BUNDLE_IDENTIFIER = phupk.practiceUIFinal.InstaClone;
				PRODUCT_NAME = "$(TARGET_NAME)";
				SWIFT_EMIT_LOC_STRINGS = YES;
				SWIFT_VERSION = 5.0;
				TARGETED_DEVICE_FAMILY = "1,2";
			};
			name = Release;
		};
/* End XCBuildConfiguration section */

/* Begin XCConfigurationList section */
		98DF87C42745729600160FC9 /* Build configuration list for PBXProject "InstaClone" */ = {
			isa = XCConfigurationList;
			buildConfigurations = (
				98DF87DB2745729700160FC9 /* Debug */,
				98DF87DC2745729700160FC9 /* Release */,
			);
			defaultConfigurationIsVisible = 0;
			defaultConfigurationName = Release;
		};
		98DF87DD2745729700160FC9 /* Build configuration list for PBXNativeTarget "InstaClone" */ = {
			isa = XCConfigurationList;
			buildConfigurations = (
				98DF87DE2745729700160FC9 /* Debug */,
				98DF87DF2745729700160FC9 /* Release */,
			);
			defaultConfigurationIsVisible = 0;
			defaultConfigurationName = Release;
		};
/* End XCConfigurationList section */
	};
	rootObject = 98DF87C12745729600160FC9 /* Project object */;
}
